// !$*UTF8*$!
{
	archiveVersion = 1;
	classes = {
	};
	objectVersion = 46;
	objects = {

/* Begin PBXBuildFile section */
		514541751E589F8F00A4BA51 /* main.m in Sources */ = {isa = PBXBuildFile; fileRef = 514541741E589F8F00A4BA51 /* main.m */; };
		514541781E589F8F00A4BA51 /* AppDelegate.m in Sources */ = {isa = PBXBuildFile; fileRef = 514541771E589F8F00A4BA51 /* AppDelegate.m */; };
		5145417B1E589F8F00A4BA51 /* ViewController.m in Sources */ = {isa = PBXBuildFile; fileRef = 5145417A1E589F8F00A4BA51 /* ViewController.m */; };
		5145417E1E589F8F00A4BA51 /* Main.storyboard in Resources */ = {isa = PBXBuildFile; fileRef = 5145417C1E589F8F00A4BA51 /* Main.storyboard */; };
		514541801E589F8F00A4BA51 /* Assets.xcassets in Resources */ = {isa = PBXBuildFile; fileRef = 5145417F1E589F8F00A4BA51 /* Assets.xcassets */; };
		514541831E589F8F00A4BA51 /* LaunchScreen.storyboard in Resources */ = {isa = PBXBuildFile; fileRef = 514541811E589F8F00A4BA51 /* LaunchScreen.storyboard */; };
		5145418E1E589F9000A4BA51 /* a5Tests.m in Sources */ = {isa = PBXBuildFile; fileRef = 5145418D1E589F9000A4BA51 /* a5Tests.m */; };
		514541991E589F9000A4BA51 /* a5UITests.m in Sources */ = {isa = PBXBuildFile; fileRef = 514541981E589F9000A4BA51 /* a5UITests.m */; };
/* End PBXBuildFile section */

/* Begin PBXContainerItemProxy section */
		5145418A1E589F9000A4BA51 /* PBXContainerItemProxy */ = {
			isa = PBXContainerItemProxy;
			containerPortal = 514541681E589F8F00A4BA51 /* Project object */;
			proxyType = 1;
			remoteGlobalIDString = 5145416F1E589F8F00A4BA51;
			remoteInfo = a5;
		};
		514541951E589F9000A4BA51 /* PBXContainerItemProxy */ = {
			isa = PBXContainerItemProxy;
			containerPortal = 514541681E589F8F00A4BA51 /* Project object */;
			proxyType = 1;
			remoteGlobalIDString = 5145416F1E589F8F00A4BA51;
			remoteInfo = a5;
		};
/* End PBXContainerItemProxy section */

/* Begin PBXFileReference section */
		514541701E589F8F00A4BA51 /* a5.app */ = {isa = PBXFileReference; explicitFileType = wrapper.application; includeInIndex = 0; path = a5.app; sourceTree = BUILT_PRODUCTS_DIR; };
		514541741E589F8F00A4BA51 /* main.m */ = {isa = PBXFileReference; lastKnownFileType = sourcecode.c.objc; path = main.m; sourceTree = "<group>"; };
		514541761E589F8F00A4BA51 /* AppDelegate.h */ = {isa = PBXFileReference; lastKnownFileType = sourcecode.c.h; path = AppDelegate.h; sourceTree = "<group>"; };
		514541771E589F8F00A4BA51 /* AppDelegate.m */ = {isa = PBXFileReference; lastKnownFileType = sourcecode.c.objc; path = AppDelegate.m; sourceTree = "<group>"; };
		514541791E589F8F00A4BA51 /* ViewController.h */ = {isa = PBXFileReference; lastKnownFileType = sourcecode.c.h; path = ViewController.h; sourceTree = "<group>"; };
		5145417A1E589F8F00A4BA51 /* ViewController.m */ = {isa = PBXFileReference; lastKnownFileType = sourcecode.c.objc; path = ViewController.m; sourceTree = "<group>"; };
		5145417D1E589F8F00A4BA51 /* Base */ = {isa = PBXFileReference; lastKnownFileType = file.storyboard; name = Base; path = Base.lproj/Main.storyboard; sourceTree = "<group>"; };
		5145417F1E589F8F00A4BA51 /* Assets.xcassets */ = {isa = PBXFileReference; lastKnownFileType = folder.assetcatalog; path = Assets.xcassets; sourceTree = "<group>"; };
		514541821E589F8F00A4BA51 /* Base */ = {isa = PBXFileReference; lastKnownFileType = file.storyboard; name = Base; path = Base.lproj/LaunchScreen.storyboard; sourceTree = "<group>"; };
		514541841E589F8F00A4BA51 /* Info.plist */ = {isa = PBXFileReference; lastKnownFileType = text.plist.xml; path = Info.plist; sourceTree = "<group>"; };
		514541891E589F9000A4BA51 /* a5Tests.xctest */ = {isa = PBXFileReference; explicitFileType = wrapper.cfbundle; includeInIndex = 0; path = a5Tests.xctest; sourceTree = BUILT_PRODUCTS_DIR; };
		5145418D1E589F9000A4BA51 /* a5Tests.m */ = {isa = PBXFileReference; lastKnownFileType = sourcecode.c.objc; path = a5Tests.m; sourceTree = "<group>"; };
		5145418F1E589F9000A4BA51 /* Info.plist */ = {isa = PBXFileReference; lastKnownFileType = text.plist.xml; path = Info.plist; sourceTree = "<group>"; };
		514541941E589F9000A4BA51 /* a5UITests.xctest */ = {isa = PBXFileReference; explicitFileType = wrapper.cfbundle; includeInIndex = 0; path = a5UITests.xctest; sourceTree = BUILT_PRODUCTS_DIR; };
		514541981E589F9000A4BA51 /* a5UITests.m */ = {isa = PBXFileReference; lastKnownFileType = sourcecode.c.objc; path = a5UITests.m; sourceTree = "<group>"; };
		5145419A1E589F9000A4BA51 /* Info.plist */ = {isa = PBXFileReference; lastKnownFileType = text.plist.xml; path = Info.plist; sourceTree = "<group>"; };
/* End PBXFileReference section */

/* Begin PBXFrameworksBuildPhase section */
		5145416D1E589F8F00A4BA51 /* Frameworks */ = {
			isa = PBXFrameworksBuildPhase;
			buildActionMask = 2147483647;
			files = (
			);
			runOnlyForDeploymentPostprocessing = 0;
		};
		514541861E589F9000A4BA51 /* Frameworks */ = {
			isa = PBXFrameworksBuildPhase;
			buildActionMask = 2147483647;
			files = (
			);
			runOnlyForDeploymentPostprocessing = 0;
		};
		514541911E589F9000A4BA51 /* Frameworks */ = {
			isa = PBXFrameworksBuildPhase;
			buildActionMask = 2147483647;
			files = (
			);
			runOnlyForDeploymentPostprocessing = 0;
		};
/* End PBXFrameworksBuildPhase section */

/* Begin PBXGroup section */
		514541671E589F8F00A4BA51 = {
			isa = PBXGroup;
			children = (
				514541721E589F8F00A4BA51 /* a5 */,
				5145418C1E589F9000A4BA51 /* a5Tests */,
				514541971E589F9000A4BA51 /* a5UITests */,
				514541711E589F8F00A4BA51 /* Products */,
			);
			sourceTree = "<group>";
		};
		514541711E589F8F00A4BA51 /* Products */ = {
			isa = PBXGroup;
			children = (
				514541701E589F8F00A4BA51 /* a5.app */,
				514541891E589F9000A4BA51 /* a5Tests.xctest */,
				514541941E589F9000A4BA51 /* a5UITests.xctest */,
			);
			name = Products;
			sourceTree = "<group>";
		};
		514541721E589F8F00A4BA51 /* a5 */ = {
			isa = PBXGroup;
			children = (
				514541761E589F8F00A4BA51 /* AppDelegate.h */,
				514541771E589F8F00A4BA51 /* AppDelegate.m */,
				514541791E589F8F00A4BA51 /* ViewController.h */,
				5145417A1E589F8F00A4BA51 /* ViewController.m */,
				5145417C1E589F8F00A4BA51 /* Main.storyboard */,
				5145417F1E589F8F00A4BA51 /* Assets.xcassets */,
				514541811E589F8F00A4BA51 /* LaunchScreen.storyboard */,
				514541841E589F8F00A4BA51 /* Info.plist */,
				514541731E589F8F00A4BA51 /* Supporting Files */,
			);
			path = a5;
			sourceTree = "<group>";
		};
		514541731E589F8F00A4BA51 /* Supporting Files */ = {
			isa = PBXGroup;
			children = (
				514541741E589F8F00A4BA51 /* main.m */,
			);
			name = "Supporting Files";
			sourceTree = "<group>";
		};
		5145418C1E589F9000A4BA51 /* a5Tests */ = {
			isa = PBXGroup;
			children = (
				5145418D1E589F9000A4BA51 /* a5Tests.m */,
				5145418F1E589F9000A4BA51 /* Info.plist */,
			);
			path = a5Tests;
			sourceTree = "<group>";
		};
		514541971E589F9000A4BA51 /* a5UITests */ = {
			isa = PBXGroup;
			children = (
				514541981E589F9000A4BA51 /* a5UITests.m */,
				5145419A1E589F9000A4BA51 /* Info.plist */,
			);
			path = a5UITests;
			sourceTree = "<group>";
		};
/* End PBXGroup section */

/* Begin PBXNativeTarget section */
		5145416F1E589F8F00A4BA51 /* a5 */ = {
			isa = PBXNativeTarget;
			buildConfigurationList = 5145419D1E589F9000A4BA51 /* Build configuration list for PBXNativeTarget "a5" */;
			buildPhases = (
				5145416C1E589F8F00A4BA51 /* Sources */,
				5145416D1E589F8F00A4BA51 /* Frameworks */,
				5145416E1E589F8F00A4BA51 /* Resources */,
			);
			buildRules = (
			);
			dependencies = (
			);
			name = a5;
			productName = a5;
			productReference = 514541701E589F8F00A4BA51 /* a5.app */;
			productType = "com.apple.product-type.application";
		};
		514541881E589F9000A4BA51 /* a5Tests */ = {
			isa = PBXNativeTarget;
			buildConfigurationList = 514541A01E589F9000A4BA51 /* Build configuration list for PBXNativeTarget "a5Tests" */;
			buildPhases = (
				514541851E589F9000A4BA51 /* Sources */,
				514541861E589F9000A4BA51 /* Frameworks */,
				514541871E589F9000A4BA51 /* Resources */,
			);
			buildRules = (
			);
			dependencies = (
				5145418B1E589F9000A4BA51 /* PBXTargetDependency */,
			);
			name = a5Tests;
			productName = a5Tests;
			productReference = 514541891E589F9000A4BA51 /* a5Tests.xctest */;
			productType = "com.apple.product-type.bundle.unit-test";
		};
		514541931E589F9000A4BA51 /* a5UITests */ = {
			isa = PBXNativeTarget;
			buildConfigurationList = 514541A31E589F9000A4BA51 /* Build configuration list for PBXNativeTarget "a5UITests" */;
			buildPhases = (
				514541901E589F9000A4BA51 /* Sources */,
				514541911E589F9000A4BA51 /* Frameworks */,
				514541921E589F9000A4BA51 /* Resources */,
			);
			buildRules = (
			);
			dependencies = (
				514541961E589F9000A4BA51 /* PBXTargetDependency */,
			);
			name = a5UITests;
			productName = a5UITests;
			productReference = 514541941E589F9000A4BA51 /* a5UITests.xctest */;
			productType = "com.apple.product-type.bundle.ui-testing";
		};
/* End PBXNativeTarget section */

/* Begin PBXProject section */
		514541681E589F8F00A4BA51 /* Project object */ = {
			isa = PBXProject;
			attributes = {
				LastUpgradeCheck = 0820;
				ORGANIZATIONNAME = "lv hailin";
				TargetAttributes = {
					5145416F1E589F8F00A4BA51 = {
						CreatedOnToolsVersion = 8.2.1;
						ProvisioningStyle = Automatic;
					};
					514541881E589F9000A4BA51 = {
						CreatedOnToolsVersion = 8.2.1;
						ProvisioningStyle = Automatic;
						TestTargetID = 5145416F1E589F8F00A4BA51;
					};
					514541931E589F9000A4BA51 = {
						CreatedOnToolsVersion = 8.2.1;
						ProvisioningStyle = Automatic;
						TestTargetID = 5145416F1E589F8F00A4BA51;
					};
				};
			};
			buildConfigurationList = 5145416B1E589F8F00A4BA51 /* Build configuration list for PBXProject "a5" */;
			compatibilityVersion = "Xcode 3.2";
			developmentRegion = English;
			hasScannedForEncodings = 0;
			knownRegions = (
				en,
				Base,
			);
			mainGroup = 514541671E589F8F00A4BA51;
			productRefGroup = 514541711E589F8F00A4BA51 /* Products */;
			projectDirPath = "";
			projectRoot = "";
			targets = (
				5145416F1E589F8F00A4BA51 /* a5 */,
				514541881E589F9000A4BA51 /* a5Tests */,
				514541931E589F9000A4BA51 /* a5UITests */,
			);
		};
/* End PBXProject section */

/* Begin PBXResourcesBuildPhase section */
		5145416E1E589F8F00A4BA51 /* Resources */ = {
			isa = PBXResourcesBuildPhase;
			buildActionMask = 2147483647;
			files = (
				514541831E589F8F00A4BA51 /* LaunchScreen.storyboard in Resources */,
				514541801E589F8F00A4BA51 /* Assets.xcassets in Resources */,
				5145417E1E589F8F00A4BA51 /* Main.storyboard in Resources */,
			);
			runOnlyForDeploymentPostprocessing = 0;
		};
		514541871E589F9000A4BA51 /* Resources */ = {
			isa = PBXResourcesBuildPhase;
			buildActionMask = 2147483647;
			files = (
			);
			runOnlyForDeploymentPostprocessing = 0;
		};
		514541921E589F9000A4BA51 /* Resources */ = {
			isa = PBXResourcesBuildPhase;
			buildActionMask = 2147483647;
			files = (
			);
			runOnlyForDeploymentPostprocessing = 0;
		};
/* End PBXResourcesBuildPhase section */

/* Begin PBXSourcesBuildPhase section */
		5145416C1E589F8F00A4BA51 /* Sources */ = {
			isa = PBXSourcesBuildPhase;
			buildActionMask = 2147483647;
			files = (
				5145417B1E589F8F00A4BA51 /* ViewController.m in Sources */,
				514541781E589F8F00A4BA51 /* AppDelegate.m in Sources */,
				514541751E589F8F00A4BA51 /* main.m in Sources */,
			);
			runOnlyForDeploymentPostprocessing = 0;
		};
		514541851E589F9000A4BA51 /* Sources */ = {
			isa = PBXSourcesBuildPhase;
			buildActionMask = 2147483647;
			files = (
				5145418E1E589F9000A4BA51 /* a5Tests.m in Sources */,
			);
			runOnlyForDeploymentPostprocessing = 0;
		};
		514541901E589F9000A4BA51 /* Sources */ = {
			isa = PBXSourcesBuildPhase;
			buildActionMask = 2147483647;
			files = (
				514541991E589F9000A4BA51 /* a5UITests.m in Sources */,
			);
			runOnlyForDeploymentPostprocessing = 0;
		};
/* End PBXSourcesBuildPhase section */

/* Begin PBXTargetDependency section */
		5145418B1E589F9000A4BA51 /* PBXTargetDependency */ = {
			isa = PBXTargetDependency;
			target = 5145416F1E589F8F00A4BA51 /* a5 */;
			targetProxy = 5145418A1E589F9000A4BA51 /* PBXContainerItemProxy */;
		};
		514541961E589F9000A4BA51 /* PBXTargetDependency */ = {
			isa = PBXTargetDependency;
			target = 5145416F1E589F8F00A4BA51 /* a5 */;
			targetProxy = 514541951E589F9000A4BA51 /* PBXContainerItemProxy */;
		};
/* End PBXTargetDependency section */

/* Begin PBXVariantGroup section */
		5145417C1E589F8F00A4BA51 /* Main.storyboard */ = {
			isa = PBXVariantGroup;
			children = (
				5145417D1E589F8F00A4BA51 /* Base */,
			);
			name = Main.storyboard;
			sourceTree = "<group>";
		};
		514541811E589F8F00A4BA51 /* LaunchScreen.storyboard */ = {
			isa = PBXVariantGroup;
			children = (
				514541821E589F8F00A4BA51 /* Base */,
			);
			name = LaunchScreen.storyboard;
			sourceTree = "<group>";
		};
/* End PBXVariantGroup section */

/* Begin XCBuildConfiguration section */
		5145419B1E589F9000A4BA51 /* Debug */ = {
			isa = XCBuildConfiguration;
			buildSettings = {
				ALWAYS_SEARCH_USER_PATHS = NO;
				CLANG_ANALYZER_NONNULL = YES;
				CLANG_CXX_LANGUAGE_STANDARD = "gnu++0x";
				CLANG_CXX_LIBRARY = "libc++";
				CLANG_ENABLE_MODULES = YES;
				CLANG_ENABLE_OBJC_ARC = YES;
				CLANG_WARN_BOOL_CONVERSION = YES;
				CLANG_WARN_CONSTANT_CONVERSION = YES;
				CLANG_WARN_DIRECT_OBJC_ISA_USAGE = YES_ERROR;
				CLANG_WARN_DOCUMENTATION_COMMENTS = YES;
				CLANG_WARN_EMPTY_BODY = YES;
				CLANG_WARN_ENUM_CONVERSION = YES;
				CLANG_WARN_INFINITE_RECURSION = YES;
				CLANG_WARN_INT_CONVERSION = YES;
				CLANG_WARN_OBJC_ROOT_CLASS = YES_ERROR;
				CLANG_WARN_SUSPICIOUS_MOVE = YES;
				CLANG_WARN_UNREACHABLE_CODE = YES;
				CLANG_WARN__DUPLICATE_METHOD_MATCH = YES;
				"CODE_SIGN_IDENTITY[sdk=iphoneos*]" = "iPhone Developer";
				COPY_PHASE_STRIP = NO;
				DEBUG_INFORMATION_FORMAT = dwarf;
				ENABLE_STRICT_OBJC_MSGSEND = YES;
				ENABLE_TESTABILITY = YES;
				GCC_C_LANGUAGE_STANDARD = gnu99;
				GCC_DYNAMIC_NO_PIC = NO;
				GCC_NO_COMMON_BLOCKS = YES;
				GCC_OPTIMIZATION_LEVEL = 0;
				GCC_PREPROCESSOR_DEFINITIONS = (
					"DEBUG=1",
					"$(inherited)",
				);
				GCC_WARN_64_TO_32_BIT_CONVERSION = YES;
				GCC_WARN_ABOUT_RETURN_TYPE = YES_ERROR;
				GCC_WARN_UNDECLARED_SELECTOR = YES;
				GCC_WARN_UNINITIALIZED_AUTOS = YES_AGGRESSIVE;
				GCC_WARN_UNUSED_FUNCTION = YES;
				GCC_WARN_UNUSED_VARIABLE = YES;
				IPHONEOS_DEPLOYMENT_TARGET = 10.2;
				MTL_ENABLE_DEBUG_INFO = YES;
				ONLY_ACTIVE_ARCH = YES;
				SDKROOT = iphoneos;
				TARGETED_DEVICE_FAMILY = "1,2";
			};
			name = Debug;
		};
		5145419C1E589F9000A4BA51 /* Release */ = {
			isa = XCBuildConfiguration;
			buildSettings = {
				ALWAYS_SEARCH_USER_PATHS = NO;
				CLANG_ANALYZER_NONNULL = YES;
				CLANG_CXX_LANGUAGE_STANDARD = "gnu++0x";
				CLANG_CXX_LIBRARY = "libc++";
				CLANG_ENABLE_MODULES = YES;
				CLANG_ENABLE_OBJC_ARC = YES;
				CLANG_WARN_BOOL_CONVERSION = YES;
				CLANG_WARN_CONSTANT_CONVERSION = YES;
				CLANG_WARN_DIRECT_OBJC_ISA_USAGE = YES_ERROR;
				CLANG_WARN_DOCUMENTATION_COMMENTS = YES;
				CLANG_WARN_EMPTY_BODY = YES;
				CLANG_WARN_ENUM_CONVERSION = YES;
				CLANG_WARN_INFINITE_RECURSION = YES;
				CLANG_WARN_INT_CONVERSION = YES;
				CLANG_WARN_OBJC_ROOT_CLASS = YES_ERROR;
				CLANG_WARN_SUSPICIOUS_MOVE = YES;
				CLANG_WARN_UNREACHABLE_CODE = YES;
				CLANG_WARN__DUPLICATE_METHOD_MATCH = YES;
				"CODE_SIGN_IDENTITY[sdk=iphoneos*]" = "iPhone Developer";
				COPY_PHASE_STRIP = NO;
				DEBUG_INFORMATION_FORMAT = "dwarf-with-dsym";
				ENABLE_NS_ASSERTIONS = NO;
				ENABLE_STRICT_OBJC_MSGSEND = YES;
				GCC_C_LANGUAGE_STANDARD = gnu99;
				GCC_NO_COMMON_BLOCKS = YES;
				GCC_WARN_64_TO_32_BIT_CONVERSION = YES;
				GCC_WARN_ABOUT_RETURN_TYPE = YES_ERROR;
				GCC_WARN_UNDECLARED_SELECTOR = YES;
				GCC_WARN_UNINITIALIZED_AUTOS = YES_AGGRESSIVE;
				GCC_WARN_UNUSED_FUNCTION = YES;
				GCC_WARN_UNUSED_VARIABLE = YES;
				IPHONEOS_DEPLOYMENT_TARGET = 10.2;
				MTL_ENABLE_DEBUG_INFO = NO;
				SDKROOT = iphoneos;
				TARGETED_DEVICE_FAMILY = "1,2";
				VALIDATE_PRODUCT = YES;
			};
			name = Release;
		};
		5145419E1E589F9000A4BA51 /* Debug */ = {
			isa = XCBuildConfiguration;
			buildSettings = {
				ASSETCATALOG_COMPILER_APPICON_NAME = AppIcon;
				INFOPLIST_FILE = a5/Info.plist;
				LD_RUNPATH_SEARCH_PATHS = "$(inherited) @executable_path/Frameworks";
				PRODUCT_BUNDLE_IDENTIFIER = sky.a5;
				PRODUCT_NAME = "$(TARGET_NAME)";
			};
			name = Debug;
		};
		5145419F1E589F9000A4BA51 /* Release */ = {
			isa = XCBuildConfiguration;
			buildSettings = {
				ASSETCATALOG_COMPILER_APPICON_NAME = AppIcon;
				INFOPLIST_FILE = a5/Info.plist;
				LD_RUNPATH_SEARCH_PATHS = "$(inherited) @executable_path/Frameworks";
				PRODUCT_BUNDLE_IDENTIFIER = sky.a5;
				PRODUCT_NAME = "$(TARGET_NAME)";
			};
			name = Release;
		};
		514541A11E589F9000A4BA51 /* Debug */ = {
			isa = XCBuildConfiguration;
			buildSettings = {
				BUNDLE_LOADER = "$(TEST_HOST)";
				INFOPLIST_FILE = a5Tests/Info.plist;
				LD_RUNPATH_SEARCH_PATHS = "$(inherited) @executable_path/Frameworks @loader_path/Frameworks";
				PRODUCT_BUNDLE_IDENTIFIER = sky.a5Tests;
				PRODUCT_NAME = "$(TARGET_NAME)";
				TEST_HOST = "$(BUILT_PRODUCTS_DIR)/a5.app/a5";
			};
			name = Debug;
		};
		514541A21E589F9000A4BA51 /* Release */ = {
			isa = XCBuildConfiguration;
			buildSettings = {
				BUNDLE_LOADER = "$(TEST_HOST)";
				INFOPLIST_FILE = a5Tests/Info.plist;
				LD_RUNPATH_SEARCH_PATHS = "$(inherited) @executable_path/Frameworks @loader_path/Frameworks";
				PRODUCT_BUNDLE_IDENTIFIER = sky.a5Tests;
				PRODUCT_NAME = "$(TARGET_NAME)";
				TEST_HOST = "$(BUILT_PRODUCTS_DIR)/a5.app/a5";
			};
			name = Release;
		};
		514541A41E589F9000A4BA51 /* Debug */ = {
			isa = XCBuildConfiguration;
			buildSettings = {
				INFOPLIST_FILE = a5UITests/Info.plist;
				LD_RUNPATH_SEARCH_PATHS = "$(inherited) @executable_path/Frameworks @loader_path/Frameworks";
				PRODUCT_BUNDLE_IDENTIFIER = sky.a5UITests;
				PRODUCT_NAME = "$(TARGET_NAME)";
				TEST_TARGET_NAME = a5;
			};
			name = Debug;
		};
		514541A51E589F9000A4BA51 /* Release */ = {
			isa = XCBuildConfiguration;
			buildSettings = {
				INFOPLIST_FILE = a5UITests/Info.plist;
				LD_RUNPATH_SEARCH_PATHS = "$(inherited) @executable_path/Frameworks @loader_path/Frameworks";
				PRODUCT_BUNDLE_IDENTIFIER = sky.a5UITests;
				PRODUCT_NAME = "$(TARGET_NAME)";
				TEST_TARGET_NAME = a5;
			};
			name = Release;
		};
/* End XCBuildConfiguration section */

/* Begin XCConfigurationList section */
		5145416B1E589F8F00A4BA51 /* Build configuration list for PBXProject "a5" */ = {
			isa = XCConfigurationList;
			buildConfigurations = (
				5145419B1E589F9000A4BA51 /* Debug */,
				5145419C1E589F9000A4BA51 /* Release */,
			);
			defaultConfigurationIsVisible = 0;
			defaultConfigurationName = Release;
		};
		5145419D1E589F9000A4BA51 /* Build configuration list for PBXNativeTarget "a5" */ = {
			isa = XCConfigurationList;
			buildConfigurations = (
				5145419E1E589F9000A4BA51 /* Debug */,
				5145419F1E589F9000A4BA51 /* Release */,
			);
			defaultConfigurationIsVisible = 0;
		};
		514541A01E589F9000A4BA51 /* Build configuration list for PBXNativeTarget "a5Tests" */ = {
			isa = XCConfigurationList;
			buildConfigurations = (
				514541A11E589F9000A4BA51 /* Debug */,
				514541A21E589F9000A4BA51 /* Release */,
			);
			defaultConfigurationIsVisible = 0;
		};
		514541A31E589F9000A4BA51 /* Build configuration list for PBXNativeTarget "a5UITests" */ = {
			isa = XCConfigurationList;
			buildConfigurations = (
				514541A41E589F9000A4BA51 /* Debug */,
				514541A51E589F9000A4BA51 /* Release */,
			);
			defaultConfigurationIsVisible = 0;
		};
/* End XCConfigurationList section */
	};
	rootObject = 514541681E589F8F00A4BA51 /* Project object */;
}
